{
  "name": "base",
  "version": "1.0.0",
  "lockfileVersion": 1,
  "requires": true,
  "dependencies": {
    "@vant/weapp": {
      "version": "1.6.2",
      "resolved": "https://registry.npmjs.org/@vant/weapp/-/weapp-1.6.2.tgz",
      "integrity": "sha512-BFzrUFGUfnIoA0ZKWrATSZvGI4/E2eDqpjSIL9fYm6ExtLXhDsiennJltESph0aMGPIDn6ziHgCvNAD+GRnqoQ=="
    },
    "js-md5": {
      "version": "0.7.3",
      "resolved": "https://registry.npmjs.org/js-md5/-/js-md5-0.7.3.tgz",
      "integrity": "sha512-ZC41vPSTLKGwIRjqDh8DfXoCrdQIyBgspJVPXHBGu4nZlAEvG3nf+jO9avM9RmLiGakg7vz974ms99nEV0tmTQ=="
    },
    "wxml2canvas": {
      "version": "1.0.1",
      "resolved": "https://registry.npmjs.org/wxml2canvas/-/wxml2canvas-1.0.1.tgz",
      "integrity": "sha512-AdWvxgTjJtW/m6Cki1cwGO0HOERKU8O9V3RcCz8UyqJbrPF7e8Nv27/epYiIs64HlbPTKWTLl7ECjQi6UVducA=="
    }
  }
}
